
Microsoft Visual Studio Solution File, Format Version 12.00
# Visual Studio Version 16
VisualStudioVersion = 16.0.28803.156
MinimumVisualStudioVersion = 10.0.40219.1
Project("{9A19103F-16F7-4668-BE54-9A1E7A4F7556}") = "DomesticManagement.Database", "DomesticManagement.Database\DomesticManagement.Database.csproj", "{08ED2C65-CCFB-4237-A374-CED34C411657}"
EndProject
Project("{9A19103F-16F7-4668-BE54-9A1E7A4F7556}") = "DomesticManagement.Api", "DomesticManagement.Api\DomesticManagement.Api.csproj", "{692017CA-B598-481D-8AB3-5725BDA17166}"
EndProject
Project("{9A19103F-16F7-4668-BE54-9A1E7A4F7556}") = "DomesticManagement.Common", "DomesticManagement.Common\DomesticManagement.Common.csproj", "{F08F7AB3-E94E-4138-8C92-C9187EE02F99}"
EndProject
Project("{FAE04EC0-301F-11D3-BF4B-00C04F79EFBC}") = "DomesticManagement.Web", "DomesticManagement.Web\DomesticManagement.Web.csproj", "{3E73B15A-914C-4AA2-BA39-D473095EF035}"
EndProject
Global
	GlobalSection(SolutionConfigurationPlatforms) = preSolution
		Debug|Any CPU = Debug|Any CPU
		Release|Any CPU = Release|Any CPU
	EndGlobalSection
	GlobalSection(ProjectConfigurationPlatforms) = postSolution
		{08ED2C65-CCFB-4237-A374-CED34C411657}.Debug|Any CPU.ActiveCfg = Debug|Any CPU
		{08ED2C65-CCFB-4237-A374-CED34C411657}.Debug|Any CPU.Build.0 = Debug|Any CPU
		{08ED2C65-CCFB-4237-A374-CED34C411657}.Release|Any CPU.ActiveCfg = Release|Any CPU
		{08ED2C65-CCFB-4237-A374-CED34C411657}.Release|Any CPU.Build.0 = Release|Any CPU
		{692017CA-B598-481D-8AB3-5725BDA17166}.Debug|Any CPU.ActiveCfg = Debug|Any CPU
		{692017CA-B598-481D-8AB3-5725BDA17166}.Debug|Any CPU.Build.0 = Debug|Any CPU
		{692017CA-B598-481D-8AB3-5725BDA17166}.Release|Any CPU.ActiveCfg = Release|Any CPU
		{692017CA-B598-481D-8AB3-5725BDA17166}.Release|Any CPU.Build.0 = Release|Any CPU
		{F08F7AB3-E94E-4138-8C92-C9187EE02F99}.Debug|Any CPU.ActiveCfg = Debug|Any CPU
		{F08F7AB3-E94E-4138-8C92-C9187EE02F99}.Debug|Any CPU.Build.0 = Debug|Any CPU
		{F08F7AB3-E94E-4138-8C92-C9187EE02F99}.Release|Any CPU.ActiveCfg = Release|Any CPU
		{F08F7AB3-E94E-4138-8C92-C9187EE02F99}.Release|Any CPU.Build.0 = Release|Any CPU
		{3E73B15A-914C-4AA2-BA39-D473095EF035}.Debug|Any CPU.ActiveCfg = Debug|Any CPU
		{3E73B15A-914C-4AA2-BA39-D473095EF035}.Debug|Any CPU.Build.0 = Debug|Any CPU
		{3E73B15A-914C-4AA2-BA39-D473095EF035}.Release|Any CPU.ActiveCfg = Release|Any CPU
		{3E73B15A-914C-4AA2-BA39-D473095EF035}.Release|Any CPU.Build.0 = Release|Any CPU
	EndGlobalSection
	GlobalSection(SolutionProperties) = preSolution
		HideSolutionNode = FALSE
	EndGlobalSection
	GlobalSection(ExtensibilityGlobals) = postSolution
		SolutionGuid = {FB6719D0-6526-4EE9-B4E4-7B4DCEA46A59}
	EndGlobalSection
EndGlobal
